
Microsoft Visual Studio Solution File, Format Version 12.00
# Visual Studio 15
VisualStudioVersion = 15.0.27130.2010
MinimumVisualStudioVersion = 10.0.40219.1
Project("{FAE04EC0-301F-11D3-BF4B-00C04F79EFBC}") = "SimpleACCT", "SimpleACCT\SimpleACCT.csproj", "{EF9AD59C-B190-4BEE-9154-7A977BFE1778}"
EndProject
Global
	GlobalSection(SolutionConfigurationPlatforms) = preSolution
		Debug|Any CPU = Debug|Any CPU
		Release|Any CPU = Release|Any CPU
	EndGlobalSection
	GlobalSection(ProjectConfigurationPlatforms) = postSolution
		{EF9AD59C-B190-4BEE-9154-7A977BFE1778}.Debug|Any CPU.ActiveCfg = Debug|Any CPU
		{EF9AD59C-B190-4BEE-9154-7A977BFE1778}.Debug|Any CPU.Build.0 = Debug|Any CPU
		{EF9AD59C-B190-4BEE-9154-7A977BFE1778}.Release|Any CPU.ActiveCfg = Release|Any CPU
		{EF9AD59C-B190-4BEE-9154-7A977BFE1778}.Release|Any CPU.Build.0 = Release|Any CPU
	EndGlobalSection
	GlobalSection(SolutionProperties) = preSolution
		HideSolutionNode = FALSE
	EndGlobalSection
	GlobalSection(ExtensibilityGlobals) = postSolution
		SolutionGuid = {728D35FA-8A4F-4C8D-9D26-8A55C0632261}
	EndGlobalSection
EndGlobal
